<?xml version="1.0" encoding="utf-8"?>
<Project ToolsVersion="4.0" xmlns="http://schemas.microsoft.com/developer/msbuild/2003">
  <ItemGroup>
    <Filter Include="Resource Files">
      <UniqueIdentifier>{67DA6AB6-F800-4c08-8B7A-83BB121AAD01}</UniqueIdentifier>
      <Extensions>rc;ico;cur;bmp;dlg;rc2;rct;bin;rgs;gif;jpg;jpeg;jpe;resx;tiff;tif;png;wav;mfcribbon-ms</Extensions>
    </Filter>
    <Filter Include="Core">
      <UniqueIdentifier>{2de5114a-ebae-4995-a5a1-e9f4a8708d61}</UniqueIdentifier>
    </Filter>
    <Filter Include="Math">
      <UniqueIdentifier>{37393318-435e-4685-a71e-20cb7eb5a738}</UniqueIdentifier>
    </Filter>
    <Filter Include="Utilities">
      <UniqueIdentifier>{97d65995-bc4e-48f0-b2a2-196d41638963}</UniqueIdentifier>
    </Filter>
  </ItemGroup>
  <ItemGroup>
    <ClInclude Include="include\SumTestDriver.h">
      <Filter>Core</Filter>
    </ClInclude>
    <ClInclude Include="include\SumMathTest.h">
      <Filter>Math</Filter>
    </ClInclude>
    <ClInclude Include="include\SumVectorTest.h">
      <Filter>Math</Filter>
    </ClInclude>
    <ClInclude Include="include\SumTestHelper.h">
      <Filter>Core</Filter>
    </ClInclude>
    <ClInclude Include="include\SumMatrixTest.h">
      <Filter>Math</Filter>
    </ClInclude>
    <ClInclude Include="include\SumUtilitiesTest.h">
      <Filter>Utilities</Filter>
    </ClInclude>
    <ClInclude Include="include\SumQueueTest.h">
      <Filter>Utilities</Filter>
    </ClInclude>
  </ItemGroup>
  <ItemGroup>
    <ClCompile Include="src\SumTestMain.cpp">
      <Filter>Core</Filter>
    </ClCompile>
    <ClCompile Include="src\SumVectorTest.cpp">
      <Filter>Math</Filter>
    </ClCompile>
    <ClCompile Include="src\SumMatrixTest.cpp">
      <Filter>Math</Filter>
    </ClCompile>
    <ClCompile Include="src\SumUtilitiesTest.cpp">
      <Filter>Utilities</Filter>
    </ClCompile>
    <ClCompile Include="src\SumQueueTest.cpp">
      <Filter>Utilities</Filter>
    </ClCompile>
  </ItemGroup>
</Project>