
Microsoft Visual Studio Solution File, Format Version 11.00
# Visual Studio 2010
Project("{8BC9CEB8-8B4A-11D0-8D11-00A0C91BC942}") = "SumEngine", "SumEngine\SumEngine.vcxproj", "{FF530499-84D5-45D4-A480-A8031EB6A830}"
	ProjectSection(ProjectDependencies) = postProject
		{B7F0C433-4C1D-484B-8B6D-9871A35D62B7} = {B7F0C433-4C1D-484B-8B6D-9871A35D62B7}
		{1298EF7C-6A22-4657-9ECC-82F77F022725} = {1298EF7C-6A22-4657-9ECC-82F77F022725}
		{0E8A5B8D-2260-4AD0-8BDB-2E40217459D9} = {0E8A5B8D-2260-4AD0-8BDB-2E40217459D9}
		{EFDFA29F-5579-47E2-97F2-B0E8B27BA4C7} = {EFDFA29F-5579-47E2-97F2-B0E8B27BA4C7}
		{FA9FA2D4-93FA-4CD0-91F6-8359EC1A67BB} = {FA9FA2D4-93FA-4CD0-91F6-8359EC1A67BB}
		{26DEF8EF-6AFC-446D-B04B-B906D72A2CB9} = {26DEF8EF-6AFC-446D-B04B-B906D72A2CB9}
	EndProjectSection
EndProject
Project("{8BC9CEB8-8B4A-11D0-8D11-00A0C91BC942}") = "SumMemory", "SumMemory\SumMemory.vcxproj", "{FA9FA2D4-93FA-4CD0-91F6-8359EC1A67BB}"
EndProject
Project("{8BC9CEB8-8B4A-11D0-8D11-00A0C91BC942}") = "SumUtilities", "SumUtilities\SumUtilities.vcxproj", "{26DEF8EF-6AFC-446D-B04B-B906D72A2CB9}"
	ProjectSection(ProjectDependencies) = postProject
		{EFDFA29F-5579-47E2-97F2-B0E8B27BA4C7} = {EFDFA29F-5579-47E2-97F2-B0E8B27BA4C7}
		{FA9FA2D4-93FA-4CD0-91F6-8359EC1A67BB} = {FA9FA2D4-93FA-4CD0-91F6-8359EC1A67BB}
	EndProjectSection
EndProject
Project("{8BC9CEB8-8B4A-11D0-8D11-00A0C91BC942}") = "SumGraphics", "SumGraphics\SumGraphics.vcxproj", "{0E8A5B8D-2260-4AD0-8BDB-2E40217459D9}"
	ProjectSection(ProjectDependencies) = postProject
		{1298EF7C-6A22-4657-9ECC-82F77F022725} = {1298EF7C-6A22-4657-9ECC-82F77F022725}
		{EFDFA29F-5579-47E2-97F2-B0E8B27BA4C7} = {EFDFA29F-5579-47E2-97F2-B0E8B27BA4C7}
		{FA9FA2D4-93FA-4CD0-91F6-8359EC1A67BB} = {FA9FA2D4-93FA-4CD0-91F6-8359EC1A67BB}
		{26DEF8EF-6AFC-446D-B04B-B906D72A2CB9} = {26DEF8EF-6AFC-446D-B04B-B906D72A2CB9}
	EndProjectSection
EndProject
Project("{8BC9CEB8-8B4A-11D0-8D11-00A0C91BC942}") = "SumMath", "SumMath\SumMath.vcxproj", "{1298EF7C-6A22-4657-9ECC-82F77F022725}"
	ProjectSection(ProjectDependencies) = postProject
		{EFDFA29F-5579-47E2-97F2-B0E8B27BA4C7} = {EFDFA29F-5579-47E2-97F2-B0E8B27BA4C7}
		{FA9FA2D4-93FA-4CD0-91F6-8359EC1A67BB} = {FA9FA2D4-93FA-4CD0-91F6-8359EC1A67BB}
	EndProjectSection
EndProject
Project("{8BC9CEB8-8B4A-11D0-8D11-00A0C91BC942}") = "SumPhysics", "SumPhysics\SumPhysics.vcxproj", "{B7F0C433-4C1D-484B-8B6D-9871A35D62B7}"
EndProject
Project("{8BC9CEB8-8B4A-11D0-8D11-00A0C91BC942}") = "SumPlatform", "SumPlatform\SumPlatform.vcxproj", "{EFDFA29F-5579-47E2-97F2-B0E8B27BA4C7}"
	ProjectSection(ProjectDependencies) = postProject
		{FA9FA2D4-93FA-4CD0-91F6-8359EC1A67BB} = {FA9FA2D4-93FA-4CD0-91F6-8359EC1A67BB}
	EndProjectSection
EndProject
Project("{2150E333-8FDC-42A3-9474-1A3956D46DE8}") = "Solution Items", "Solution Items", "{9231988A-F0D8-43D2-8DEC-47AB2D9E005F}"
EndProject
Project("{8BC9CEB8-8B4A-11D0-8D11-00A0C91BC942}") = "SumTest", "SumTest\SumTest.vcxproj", "{96301856-F78A-4007-9B5C-79B816177B85}"
	ProjectSection(ProjectDependencies) = postProject
		{FF530499-84D5-45D4-A480-A8031EB6A830} = {FF530499-84D5-45D4-A480-A8031EB6A830}
		{EFDFA29F-5579-47E2-97F2-B0E8B27BA4C7} = {EFDFA29F-5579-47E2-97F2-B0E8B27BA4C7}
		{FA9FA2D4-93FA-4CD0-91F6-8359EC1A67BB} = {FA9FA2D4-93FA-4CD0-91F6-8359EC1A67BB}
		{26DEF8EF-6AFC-446D-B04B-B906D72A2CB9} = {26DEF8EF-6AFC-446D-B04B-B906D72A2CB9}
	EndProjectSection
EndProject
Global
	GlobalSection(SolutionConfigurationPlatforms) = preSolution
		Debug|Win32 = Debug|Win32
		Release|Win32 = Release|Win32
	EndGlobalSection
	GlobalSection(ProjectConfigurationPlatforms) = postSolution
		{FF530499-84D5-45D4-A480-A8031EB6A830}.Debug|Win32.ActiveCfg = Debug|Win32
		{FF530499-84D5-45D4-A480-A8031EB6A830}.Debug|Win32.Build.0 = Debug|Win32
		{FF530499-84D5-45D4-A480-A8031EB6A830}.Release|Win32.ActiveCfg = Release|Win32
		{FF530499-84D5-45D4-A480-A8031EB6A830}.Release|Win32.Build.0 = Release|Win32
		{FA9FA2D4-93FA-4CD0-91F6-8359EC1A67BB}.Debug|Win32.ActiveCfg = Debug|Win32
		{FA9FA2D4-93FA-4CD0-91F6-8359EC1A67BB}.Debug|Win32.Build.0 = Debug|Win32
		{FA9FA2D4-93FA-4CD0-91F6-8359EC1A67BB}.Release|Win32.ActiveCfg = Release|Win32
		{FA9FA2D4-93FA-4CD0-91F6-8359EC1A67BB}.Release|Win32.Build.0 = Release|Win32
		{26DEF8EF-6AFC-446D-B04B-B906D72A2CB9}.Debug|Win32.ActiveCfg = Debug|Win32
		{26DEF8EF-6AFC-446D-B04B-B906D72A2CB9}.Debug|Win32.Build.0 = Debug|Win32
		{26DEF8EF-6AFC-446D-B04B-B906D72A2CB9}.Release|Win32.ActiveCfg = Release|Win32
		{26DEF8EF-6AFC-446D-B04B-B906D72A2CB9}.Release|Win32.Build.0 = Release|Win32
		{0E8A5B8D-2260-4AD0-8BDB-2E40217459D9}.Debug|Win32.ActiveCfg = Debug|Win32
		{0E8A5B8D-2260-4AD0-8BDB-2E40217459D9}.Debug|Win32.Build.0 = Debug|Win32
		{0E8A5B8D-2260-4AD0-8BDB-2E40217459D9}.Release|Win32.ActiveCfg = Release|Win32
		{0E8A5B8D-2260-4AD0-8BDB-2E40217459D9}.Release|Win32.Build.0 = Release|Win32
		{1298EF7C-6A22-4657-9ECC-82F77F022725}.Debug|Win32.ActiveCfg = Debug|Win32
		{1298EF7C-6A22-4657-9ECC-82F77F022725}.Debug|Win32.Build.0 = Debug|Win32
		{1298EF7C-6A22-4657-9ECC-82F77F022725}.Release|Win32.ActiveCfg = Release|Win32
		{1298EF7C-6A22-4657-9ECC-82F77F022725}.Release|Win32.Build.0 = Release|Win32
		{B7F0C433-4C1D-484B-8B6D-9871A35D62B7}.Debug|Win32.ActiveCfg = Debug|Win32
		{B7F0C433-4C1D-484B-8B6D-9871A35D62B7}.Debug|Win32.Build.0 = Debug|Win32
		{B7F0C433-4C1D-484B-8B6D-9871A35D62B7}.Release|Win32.ActiveCfg = Release|Win32
		{B7F0C433-4C1D-484B-8B6D-9871A35D62B7}.Release|Win32.Build.0 = Release|Win32
		{EFDFA29F-5579-47E2-97F2-B0E8B27BA4C7}.Debug|Win32.ActiveCfg = Debug|Win32
		{EFDFA29F-5579-47E2-97F2-B0E8B27BA4C7}.Debug|Win32.Build.0 = Debug|Win32
		{EFDFA29F-5579-47E2-97F2-B0E8B27BA4C7}.Release|Win32.ActiveCfg = Release|Win32
		{EFDFA29F-5579-47E2-97F2-B0E8B27BA4C7}.Release|Win32.Build.0 = Release|Win32
		{96301856-F78A-4007-9B5C-79B816177B85}.Debug|Win32.ActiveCfg = Debug|Win32
		{96301856-F78A-4007-9B5C-79B816177B85}.Debug|Win32.Build.0 = Debug|Win32
		{96301856-F78A-4007-9B5C-79B816177B85}.Release|Win32.ActiveCfg = Release|Win32
		{96301856-F78A-4007-9B5C-79B816177B85}.Release|Win32.Build.0 = Release|Win32
	EndGlobalSection
	GlobalSection(SolutionProperties) = preSolution
		HideSolutionNode = FALSE
	EndGlobalSection
EndGlobal
