<?xml version="1.0" encoding="utf-8"?>
<Project ToolsVersion="4.0" xmlns="http://schemas.microsoft.com/developer/msbuild/2003">
  <ItemGroup>
    <Filter Include="Resource Files">
      <UniqueIdentifier>{67DA6AB6-F800-4c08-8B7A-83BB121AAD01}</UniqueIdentifier>
      <Extensions>rc;ico;cur;bmp;dlg;rc2;rct;bin;rgs;gif;jpg;jpeg;jpe;resx;tiff;tif;png;wav;mfcribbon-ms</Extensions>
    </Filter>
    <Filter Include="Misc">
      <UniqueIdentifier>{9abd524e-7201-42eb-9979-fefc3a65a6d4}</UniqueIdentifier>
    </Filter>
    <Filter Include="Data Structures">
      <UniqueIdentifier>{5a6f1c78-d7fb-4dc9-adf1-d2175acbc26d}</UniqueIdentifier>
    </Filter>
    <Filter Include="Data Structures\Forward List">
      <UniqueIdentifier>{6ab2ae2b-55da-4c83-a1bd-3849732f52dc}</UniqueIdentifier>
    </Filter>
    <Filter Include="Delegates">
      <UniqueIdentifier>{e3c3dce5-320b-4820-bab7-b8d1f842b55c}</UniqueIdentifier>
    </Filter>
    <Filter Include="Data Structures\Array">
      <UniqueIdentifier>{10f7dcbb-c7fa-42ca-990c-139de65a393f}</UniqueIdentifier>
    </Filter>
    <Filter Include="Configuration">
      <UniqueIdentifier>{d51feff8-de39-480c-b45a-760577f86c32}</UniqueIdentifier>
    </Filter>
    <Filter Include="Data Structures\String">
      <UniqueIdentifier>{51418c6c-38ab-4b3a-9b19-01d850b96026}</UniqueIdentifier>
    </Filter>
    <Filter Include="Data Structures\Dictionary">
      <UniqueIdentifier>{025972b8-2405-493e-9bb4-c84673084a4b}</UniqueIdentifier>
    </Filter>
    <Filter Include="Data Structures\Hash Map">
      <UniqueIdentifier>{35ea796a-35c3-452e-b39e-1947823c9cce}</UniqueIdentifier>
    </Filter>
    <Filter Include="Data Structures\List">
      <UniqueIdentifier>{5589a7fe-e9ef-4657-b9e9-a8e5eb6cc5af}</UniqueIdentifier>
    </Filter>
    <Filter Include="Threading">
      <UniqueIdentifier>{3b547bbc-44bc-445a-8ee8-b30d0e09910a}</UniqueIdentifier>
    </Filter>
    <Filter Include="Input">
      <UniqueIdentifier>{5e81e9aa-9664-4e26-9c60-ecc19f22dfa6}</UniqueIdentifier>
    </Filter>
  </ItemGroup>
  <ItemGroup>
    <ClInclude Include="include\SumForwardList.h">
      <Filter>Data Structures\Forward List</Filter>
    </ClInclude>
    <ClInclude Include="Include\SumDelegate.h">
      <Filter>Delegates</Filter>
    </ClInclude>
    <ClInclude Include="include\SumArray.h">
      <Filter>Data Structures\Array</Filter>
    </ClInclude>
    <ClInclude Include="include\SumConfigurationManager.h">
      <Filter>Configuration</Filter>
    </ClInclude>
    <ClInclude Include="include\SumDictionary.h">
      <Filter>Data Structures\Dictionary</Filter>
    </ClInclude>
    <ClInclude Include="include\SumHashMap.h">
      <Filter>Data Structures\Hash Map</Filter>
    </ClInclude>
    <ClInclude Include="include\SumString.h">
      <Filter>Data Structures\String</Filter>
    </ClInclude>
    <ClInclude Include="include\SumRandom.h">
      <Filter>Misc</Filter>
    </ClInclude>
    <ClInclude Include="include\SumList.h">
      <Filter>Data Structures\List</Filter>
    </ClInclude>
    <ClInclude Include="include\SumJob.h">
      <Filter>Threading</Filter>
    </ClInclude>
    <ClInclude Include="include\SumJobManager.h">
      <Filter>Threading</Filter>
    </ClInclude>
    <ClInclude Include="include\SumCriticalSection.h">
      <Filter>Threading</Filter>
    </ClInclude>
    <ClInclude Include="include\SumInputManager.h">
      <Filter>Input</Filter>
    </ClInclude>
    <ClInclude Include="include\SumInputDevice.h">
      <Filter>Input</Filter>
    </ClInclude>
    <ClInclude Include="include\SumInputDeviceMouse.h">
      <Filter>Input</Filter>
    </ClInclude>
  </ItemGroup>
  <ItemGroup>
    <None Include="include\SumForwardList.inl">
      <Filter>Data Structures\Forward List</Filter>
    </None>
    <None Include="include\SumForwardListIterator.inl">
      <Filter>Data Structures\Forward List</Filter>
    </None>
    <None Include="include\SumForwardListNode.inl">
      <Filter>Data Structures\Forward List</Filter>
    </None>
    <None Include="include\SumArray.inl">
      <Filter>Data Structures\Array</Filter>
    </None>
    <None Include="include\SumArrayIterator.inl">
      <Filter>Data Structures\Array</Filter>
    </None>
    <None Include="include\SumDictionary.inl">
      <Filter>Data Structures\Dictionary</Filter>
    </None>
    <None Include="include\SumDictionaryIterator.inl">
      <Filter>Data Structures\Dictionary</Filter>
    </None>
    <None Include="include\SumDictionaryNode.inl">
      <Filter>Data Structures\Dictionary</Filter>
    </None>
    <None Include="include\SumDictionaryPair.inl">
      <Filter>Data Structures\Dictionary</Filter>
    </None>
    <None Include="include\SumHashMap.inl">
      <Filter>Data Structures\Hash Map</Filter>
    </None>
    <None Include="include\SumHashMapBucket.inl">
      <Filter>Data Structures\Hash Map</Filter>
    </None>
    <None Include="include\SumHashMapIterator.inl">
      <Filter>Data Structures\Hash Map</Filter>
    </None>
    <None Include="include\SumHashMapPair.inl">
      <Filter>Data Structures\Hash Map</Filter>
    </None>
    <None Include="include\SumList.inl">
      <Filter>Data Structures\List</Filter>
    </None>
    <None Include="include\SumListIterator.inl">
      <Filter>Data Structures\List</Filter>
    </None>
    <None Include="include\SumListNode.inl">
      <Filter>Data Structures\List</Filter>
    </None>
    <None Include="include\SumString.inl">
      <Filter>Data Structures\String</Filter>
    </None>
    <None Include="include\SumJobManager.inl">
      <Filter>Threading</Filter>
    </None>
  </ItemGroup>
  <ItemGroup>
    <ClCompile Include="src\SumConfigurationManager.cpp">
      <Filter>Configuration</Filter>
    </ClCompile>
    <ClCompile Include="src\SumHashMapFunctions.cpp">
      <Filter>Data Structures\Hash Map</Filter>
    </ClCompile>
    <ClCompile Include="src\SumString.cpp">
      <Filter>Data Structures\String</Filter>
    </ClCompile>
    <ClCompile Include="src\SumStringIterator.cpp">
      <Filter>Data Structures\String</Filter>
    </ClCompile>
    <ClCompile Include="src\SumRandom.cpp">
      <Filter>Misc</Filter>
    </ClCompile>
    <ClCompile Include="src\SumJobManager.cpp">
      <Filter>Threading</Filter>
    </ClCompile>
    <ClCompile Include="src\SumInputManager.cpp">
      <Filter>Input</Filter>
    </ClCompile>
    <ClCompile Include="src\SumInputDevice.cpp">
      <Filter>Input</Filter>
    </ClCompile>
    <ClCompile Include="src\SumInputDeviceMouse.cpp">
      <Filter>Input</Filter>
    </ClCompile>
  </ItemGroup>
</Project>