<?xml version="1.0" encoding="utf-8"?>
<Project ToolsVersion="4.0" xmlns="http://schemas.microsoft.com/developer/msbuild/2003">
  <ItemGroup>
    <Filter Include="Resource Files">
      <UniqueIdentifier>{67DA6AB6-F800-4c08-8B7A-83BB121AAD01}</UniqueIdentifier>
      <Extensions>rc;ico;cur;bmp;dlg;rc2;rct;bin;rgs;gif;jpg;jpeg;jpe;resx;tiff;tif;png;wav;mfcribbon-ms</Extensions>
    </Filter>
    <Filter Include="Misc">
      <UniqueIdentifier>{9abd524e-7201-42eb-9979-fefc3a65a6d4}</UniqueIdentifier>
    </Filter>
    <Filter Include="Data Structures">
      <UniqueIdentifier>{5a6f1c78-d7fb-4dc9-adf1-d2175acbc26d}</UniqueIdentifier>
    </Filter>
    <Filter Include="Data Structures\Forward List">
      <UniqueIdentifier>{6ab2ae2b-55da-4c83-a1bd-3849732f52dc}</UniqueIdentifier>
    </Filter>
  </ItemGroup>
  <ItemGroup>
    <ClInclude Include="include\SumForwardList.h">
      <Filter>Data Structures\Forward List</Filter>
    </ClInclude>
  </ItemGroup>
  <ItemGroup>
    <None Include="include\SumForwardList.inl">
      <Filter>Data Structures\Forward List</Filter>
    </None>
    <None Include="include\SumForwardListIterator.inl">
      <Filter>Data Structures\Forward List</Filter>
    </None>
    <None Include="include\SumForwardListNode.inl">
      <Filter>Data Structures\Forward List</Filter>
    </None>
  </ItemGroup>
</Project>