<?xml version="1.0" encoding="utf-8"?>
<Project ToolsVersion="4.0" xmlns="http://schemas.microsoft.com/developer/msbuild/2003">
  <ItemGroup>
    <Filter Include="Resource Files">
      <UniqueIdentifier>{67DA6AB6-F800-4c08-8B7A-83BB121AAD01}</UniqueIdentifier>
      <Extensions>rc;ico;cur;bmp;dlg;rc2;rct;bin;rgs;gif;jpg;jpeg;jpe;resx;tiff;tif;png;wav;mfcribbon-ms</Extensions>
    </Filter>
    <Filter Include="Core">
      <UniqueIdentifier>{2c4d6972-a2a9-4d23-8cc2-70948e16a522}</UniqueIdentifier>
    </Filter>
    <Filter Include="Bodies">
      <UniqueIdentifier>{ebcb7fb3-3819-4c25-b00b-678e68698797}</UniqueIdentifier>
    </Filter>
    <Filter Include="Bounding Volumes">
      <UniqueIdentifier>{f008eef0-dc25-4778-9711-8c21eb66e05b}</UniqueIdentifier>
    </Filter>
    <Filter Include="World">
      <UniqueIdentifier>{3f40f63e-a8fd-45be-8168-6703c572b1ea}</UniqueIdentifier>
    </Filter>
  </ItemGroup>
  <ItemGroup>
    <ClInclude Include="include\SumPhysicsManager.h">
      <Filter>Core</Filter>
    </ClInclude>
    <ClInclude Include="include\SumPhysicsCore.h">
      <Filter>Core</Filter>
    </ClInclude>
    <ClInclude Include="include\SumPhysicsBody.h">
      <Filter>Bodies</Filter>
    </ClInclude>
    <ClInclude Include="include\SumAxisAlignedBox.h">
      <Filter>Bounding Volumes</Filter>
    </ClInclude>
    <ClInclude Include="include\SumPhysicsWorld.h">
      <Filter>World</Filter>
    </ClInclude>
  </ItemGroup>
  <ItemGroup>
    <ClCompile Include="src\SumPhysicsManager.cpp">
      <Filter>Core</Filter>
    </ClCompile>
    <ClCompile Include="src\SumAxisAlignedBox.cpp">
      <Filter>Bounding Volumes</Filter>
    </ClCompile>
    <ClCompile Include="src\SumPhysicsBody.cpp">
      <Filter>Bodies</Filter>
    </ClCompile>
    <ClCompile Include="src\SumPhysicsWorld.cpp">
      <Filter>World</Filter>
    </ClCompile>
    <ClCompile Include="src\SumPhysicsWorldIterator.cpp">
      <Filter>World</Filter>
    </ClCompile>
  </ItemGroup>
</Project>