<?xml version="1.0" encoding="utf-8"?>
<Project ToolsVersion="4.0" xmlns="http://schemas.microsoft.com/developer/msbuild/2003">
  <ItemGroup>
    <Filter Include="Resource Files">
      <UniqueIdentifier>{67DA6AB6-F800-4c08-8B7A-83BB121AAD01}</UniqueIdentifier>
      <Extensions>rc;ico;cur;bmp;dlg;rc2;rct;bin;rgs;gif;jpg;jpeg;jpe;resx;tiff;tif;png;wav;mfcribbon-ms</Extensions>
    </Filter>
    <Filter Include="Core">
      <UniqueIdentifier>{190d57fe-63b9-42f1-835c-5dcb14363de9}</UniqueIdentifier>
    </Filter>
    <Filter Include="Effects">
      <UniqueIdentifier>{7b1d000a-6f9a-411d-a043-2d371ddd8a14}</UniqueIdentifier>
    </Filter>
    <Filter Include="Renderables">
      <UniqueIdentifier>{8be00a23-584d-4f07-a5d1-4441571f82c6}</UniqueIdentifier>
    </Filter>
    <Filter Include="Lighting">
      <UniqueIdentifier>{a09e510c-b119-4cff-b032-cb36ac59ee29}</UniqueIdentifier>
    </Filter>
    <Filter Include="Cameras">
      <UniqueIdentifier>{11be72fd-bc7e-409e-85d3-e381d9651634}</UniqueIdentifier>
    </Filter>
    <Filter Include="Utilities">
      <UniqueIdentifier>{dfc9d695-f3b3-434c-8beb-efd89d46dcac}</UniqueIdentifier>
    </Filter>
    <Filter Include="Effects\Core">
      <UniqueIdentifier>{4f2f174e-b1e5-46fa-a324-9b39b490ab37}</UniqueIdentifier>
    </Filter>
    <Filter Include="Effects\Standard Effects">
      <UniqueIdentifier>{7c6f8c8c-5b89-412d-b526-c804c8aac63e}</UniqueIdentifier>
    </Filter>
    <Filter Include="Effects\Utility Effects">
      <UniqueIdentifier>{b9e4a8ee-5292-469b-be55-228499cc7c45}</UniqueIdentifier>
    </Filter>
    <Filter Include="Resources">
      <UniqueIdentifier>{63719a3c-f8b2-4627-95a3-d10f50990474}</UniqueIdentifier>
    </Filter>
    <Filter Include="Render System">
      <UniqueIdentifier>{6567613e-8613-441f-ad12-5adc6450af22}</UniqueIdentifier>
    </Filter>
    <Filter Include="Render Window">
      <UniqueIdentifier>{5024d88c-dda5-4f36-bc97-2015068b4bce}</UniqueIdentifier>
    </Filter>
    <Filter Include="Resources\Materials">
      <UniqueIdentifier>{1bf9b1df-72cc-4d74-ad97-1c858bd9a82d}</UniqueIdentifier>
    </Filter>
    <Filter Include="Resources\Mesh">
      <UniqueIdentifier>{502c4f23-dca5-491c-a8d1-3a3ee1e042bc}</UniqueIdentifier>
    </Filter>
    <Filter Include="Resources\Shaders">
      <UniqueIdentifier>{6b0f0dd8-1ce0-4384-af3c-09127ed6f7d4}</UniqueIdentifier>
    </Filter>
    <Filter Include="Resources\Resource Management">
      <UniqueIdentifier>{b2b2587b-8c18-4949-83a0-038daad1e72a}</UniqueIdentifier>
    </Filter>
    <Filter Include="Resources\Hardware Buffers">
      <UniqueIdentifier>{8f0fc4be-d58d-4c8d-b580-386dd631c9b4}</UniqueIdentifier>
    </Filter>
  </ItemGroup>
  <ItemGroup>
    <ClInclude Include="include\SumRenderContext.h">
      <Filter>Core</Filter>
    </ClInclude>
    <ClInclude Include="include\SumRenderManager.h">
      <Filter>Core</Filter>
    </ClInclude>
    <ClInclude Include="include\SumRenderViewport.h">
      <Filter>Core</Filter>
    </ClInclude>
    <ClInclude Include="Include\SumRenderable.h">
      <Filter>Renderables</Filter>
    </ClInclude>
    <ClInclude Include="Include\SumRenderCore.h">
      <Filter>Core</Filter>
    </ClInclude>
    <ClInclude Include="include\SumLight.h">
      <Filter>Lighting</Filter>
    </ClInclude>
    <ClInclude Include="include\SumEffect.h">
      <Filter>Effects\Core</Filter>
    </ClInclude>
    <ClInclude Include="include\SumEffectsManager.h">
      <Filter>Effects\Core</Filter>
    </ClInclude>
    <ClInclude Include="include\SumInputLayout.h">
      <Filter>Core</Filter>
    </ClInclude>
    <ClInclude Include="include\SumVertex.h">
      <Filter>Renderables</Filter>
    </ClInclude>
    <ClInclude Include="include\SumResource.h">
      <Filter>Resources</Filter>
    </ClInclude>
    <ClInclude Include="include\SumResourceManager.h">
      <Filter>Resources</Filter>
    </ClInclude>
    <ClInclude Include="include\SumBaseResource.h">
      <Filter>Resources</Filter>
    </ClInclude>
    <ClInclude Include="include\SumCamera.h">
      <Filter>Cameras</Filter>
    </ClInclude>
    <ClInclude Include="include\SumRenderWindow.h">
      <Filter>Render Window</Filter>
    </ClInclude>
    <ClInclude Include="include\SumD3D11RenderWindow.h">
      <Filter>Render Window</Filter>
    </ClInclude>
    <ClInclude Include="include\SumD3D11Device.h">
      <Filter>Render System</Filter>
    </ClInclude>
    <ClInclude Include="include\SumRenderSystem.h">
      <Filter>Render System</Filter>
    </ClInclude>
    <ClInclude Include="include\SumRenderSystemFactory.h">
      <Filter>Render System</Filter>
    </ClInclude>
    <ClInclude Include="include\SumD3D11RenderSystem.h">
      <Filter>Render System</Filter>
    </ClInclude>
    <ClInclude Include="include\SumRenderSystemCapabilities.h">
      <Filter>Render System</Filter>
    </ClInclude>
    <ClInclude Include="include\SumD3D11Driver.h">
      <Filter>Render System</Filter>
    </ClInclude>
    <ClInclude Include="include\SumWindowEventHandler.h">
      <Filter>Render Window</Filter>
    </ClInclude>
    <ClInclude Include="include\SumMaterial.h">
      <Filter>Resources\Materials</Filter>
    </ClInclude>
    <ClInclude Include="include\SumResourceGroup.h">
      <Filter>Resources\Resource Management</Filter>
    </ClInclude>
    <ClInclude Include="include\SumResourceFactory.h">
      <Filter>Resources\Resource Management</Filter>
    </ClInclude>
    <ClInclude Include="include\SumMeshFactory.h">
      <Filter>Resources\Mesh</Filter>
    </ClInclude>
    <ClInclude Include="include\SumD3D11MeshFactory.h">
      <Filter>Resources\Mesh</Filter>
    </ClInclude>
    <ClInclude Include="include\SumMesh.h">
      <Filter>Resources\Mesh</Filter>
    </ClInclude>
    <ClInclude Include="include\SumD3D11Mesh.h">
      <Filter>Resources\Mesh</Filter>
    </ClInclude>
    <ClInclude Include="include\SumHardwareBuffer.h">
      <Filter>Resources\Hardware Buffers</Filter>
    </ClInclude>
    <ClInclude Include="include\SumHardwareBufferManager.h">
      <Filter>Resources\Hardware Buffers</Filter>
    </ClInclude>
    <ClInclude Include="include\SumD3D11HardwareBufferManager.h">
      <Filter>Resources\Hardware Buffers</Filter>
    </ClInclude>
    <ClInclude Include="include\SumVertexHardwareBuffer.h">
      <Filter>Resources\Hardware Buffers</Filter>
    </ClInclude>
    <ClInclude Include="include\SumVertexDescription.h">
      <Filter>Resources\Mesh</Filter>
    </ClInclude>
    <ClInclude Include="include\SumVertexProperty.h">
      <Filter>Resources\Mesh</Filter>
    </ClInclude>
    <ClInclude Include="include\SumVertexData.h">
      <Filter>Resources\Mesh</Filter>
    </ClInclude>
    <ClInclude Include="include\SumMeshSerializer.h">
      <Filter>Resources\Resource Management</Filter>
    </ClInclude>
    <ClInclude Include="include\SumMeshData.h">
      <Filter>Resources\Resource Management</Filter>
    </ClInclude>
    <ClInclude Include="include\SumSubMesh.h">
      <Filter>Resources\Mesh</Filter>
    </ClInclude>
    <ClInclude Include="include\SumD3D11VertexHardwareBuffer.h">
      <Filter>Resources\Hardware Buffers</Filter>
    </ClInclude>
  </ItemGroup>
  <ItemGroup>
    <ClCompile Include="src\SumRenderContext.cpp">
      <Filter>Core</Filter>
    </ClCompile>
    <ClCompile Include="src\SumRenderManager.cpp">
      <Filter>Core</Filter>
    </ClCompile>
    <ClCompile Include="src\SumRenderViewport.cpp">
      <Filter>Core</Filter>
    </ClCompile>
    <ClCompile Include="src\SumRenderable.cpp">
      <Filter>Renderables</Filter>
    </ClCompile>
    <ClCompile Include="src\SumEffect.cpp">
      <Filter>Effects\Core</Filter>
    </ClCompile>
    <ClCompile Include="src\SumEffectsManager.cpp">
      <Filter>Effects\Core</Filter>
    </ClCompile>
    <ClCompile Include="src\SumInputLayout.cpp">
      <Filter>Core</Filter>
    </ClCompile>
    <ClCompile Include="src\SumResourceManager.cpp">
      <Filter>Resources</Filter>
    </ClCompile>
    <ClCompile Include="src\SumBaseResource.cpp">
      <Filter>Resources</Filter>
    </ClCompile>
    <ClCompile Include="src\SumCamera.cpp">
      <Filter>Cameras</Filter>
    </ClCompile>
    <ClCompile Include="src\SumRenderWindow.cpp">
      <Filter>Render Window</Filter>
    </ClCompile>
    <ClCompile Include="src\SumRenderSystemFactory.cpp">
      <Filter>Render System</Filter>
    </ClCompile>
    <ClCompile Include="src\SumD3D11Device.cpp">
      <Filter>Render System</Filter>
    </ClCompile>
    <ClCompile Include="src\SumD3D11RenderSystem.cpp">
      <Filter>Render System</Filter>
    </ClCompile>
    <ClCompile Include="src\SumRenderSystem.cpp">
      <Filter>Render System</Filter>
    </ClCompile>
    <ClCompile Include="src\SumD3D11Driver.cpp">
      <Filter>Render System</Filter>
    </ClCompile>
    <ClCompile Include="src\SumWindowEventHandler.cpp">
      <Filter>Render Window</Filter>
    </ClCompile>
    <ClCompile Include="src\SumD3D11RenderWindow.cpp">
      <Filter>Render Window</Filter>
    </ClCompile>
    <ClCompile Include="src\SumResourceGroup.cpp">
      <Filter>Resources\Resource Management</Filter>
    </ClCompile>
    <ClCompile Include="src\SumResourceFactory.cpp">
      <Filter>Resources\Resource Management</Filter>
    </ClCompile>
    <ClCompile Include="src\SumMeshFactory.cpp">
      <Filter>Resources\Mesh</Filter>
    </ClCompile>
    <ClCompile Include="src\SumD3D11MeshFactory.cpp">
      <Filter>Resources\Mesh</Filter>
    </ClCompile>
    <ClCompile Include="src\SumMesh.cpp">
      <Filter>Resources\Mesh</Filter>
    </ClCompile>
    <ClCompile Include="src\SumResource.cpp">
      <Filter>Resources</Filter>
    </ClCompile>
    <ClCompile Include="src\SumD3D11Mesh.cpp">
      <Filter>Resources\Mesh</Filter>
    </ClCompile>
    <ClCompile Include="src\SumVertexHardwareBufferPtr.cpp">
      <Filter>Resources\Hardware Buffers</Filter>
    </ClCompile>
    <ClCompile Include="src\SumHardwareBufferManager.cpp">
      <Filter>Resources\Hardware Buffers</Filter>
    </ClCompile>
    <ClCompile Include="src\SumD3D11HardwareBufferManager.cpp">
      <Filter>Resources\Hardware Buffers</Filter>
    </ClCompile>
    <ClCompile Include="src\SumD3D11VertexHardwareBuffer.cpp">
      <Filter>Resources\Hardware Buffers</Filter>
    </ClCompile>
    <ClCompile Include="src\SumVertexHardwareBuffer.cpp">
      <Filter>Resources\Hardware Buffers</Filter>
    </ClCompile>
    <ClCompile Include="src\SumHardwareBuffer.cpp">
      <Filter>Resources\Hardware Buffers</Filter>
    </ClCompile>
  </ItemGroup>
  <ItemGroup>
    <None Include="Include\SumRenderViewport.inl">
      <Filter>Core</Filter>
    </None>
    <None Include="include\SumEffect.inl">
      <Filter>Effects\Core</Filter>
    </None>
    <None Include="include\SumVertex.inl">
      <Filter>Renderables</Filter>
    </None>
    <None Include="include\SumResource.inl">
      <Filter>Resources</Filter>
    </None>
    <None Include="include\SumResourceManager.inl">
      <Filter>Resources</Filter>
    </None>
    <None Include="include\SumD3D11Device.inl">
      <Filter>Render System</Filter>
    </None>
    <None Include="include\SumResourceGroup.inl">
      <Filter>Resources\Resource Management</Filter>
    </None>
  </ItemGroup>
  <ItemGroup>
    <CustomBuild Include="Effects\LightingHelper.fx">
      <Filter>Effects\Utility Effects</Filter>
    </CustomBuild>
    <CustomBuild Include="Effects\Basic.fx">
      <Filter>Effects\Standard Effects</Filter>
    </CustomBuild>
    <CustomBuild Include="Effects\Primitive.fx">
      <Filter>Effects\Standard Effects</Filter>
    </CustomBuild>
  </ItemGroup>
</Project>