<?xml version="1.0" encoding="utf-8"?>
<Project ToolsVersion="4.0" xmlns="http://schemas.microsoft.com/developer/msbuild/2003">
  <ItemGroup>
    <Filter Include="Resource Files">
      <UniqueIdentifier>{67DA6AB6-F800-4c08-8B7A-83BB121AAD01}</UniqueIdentifier>
      <Extensions>rc;ico;cur;bmp;dlg;rc2;rct;bin;rgs;gif;jpg;jpeg;jpe;resx;tiff;tif;png;wav;mfcribbon-ms</Extensions>
    </Filter>
    <Filter Include="Core">
      <UniqueIdentifier>{190d57fe-63b9-42f1-835c-5dcb14363de9}</UniqueIdentifier>
    </Filter>
  </ItemGroup>
  <ItemGroup>
    <ClInclude Include="include\SumGraphicsManager.h">
      <Filter>Core</Filter>
    </ClInclude>
    <ClInclude Include="SumRenderContext.h">
      <Filter>Core</Filter>
    </ClInclude>
  </ItemGroup>
  <ItemGroup>
    <ClCompile Include="include\SumGraphicsManager.cpp">
      <Filter>Core</Filter>
    </ClCompile>
    <ClCompile Include="SumRenderContext.cpp">
      <Filter>Core</Filter>
    </ClCompile>
  </ItemGroup>
</Project>