<?xml version="1.0" encoding="utf-8"?>
<Project ToolsVersion="4.0" xmlns="http://schemas.microsoft.com/developer/msbuild/2003">
  <ItemGroup>
    <Filter Include="Resource Files">
      <UniqueIdentifier>{67DA6AB6-F800-4c08-8B7A-83BB121AAD01}</UniqueIdentifier>
      <Extensions>rc;ico;cur;bmp;dlg;rc2;rct;bin;rgs;gif;jpg;jpeg;jpe;resx;tiff;tif;png;wav;mfcribbon-ms</Extensions>
    </Filter>
    <Filter Include="Core">
      <UniqueIdentifier>{aacb788a-9569-42d8-b49c-fb2d9b23854b}</UniqueIdentifier>
    </Filter>
    <Filter Include="Allocators">
      <UniqueIdentifier>{38590948-c987-4c63-8d8d-96736eb1d18d}</UniqueIdentifier>
    </Filter>
    <Filter Include="Chunk">
      <UniqueIdentifier>{00aad89a-788d-49dc-b847-067f3df11323}</UniqueIdentifier>
    </Filter>
  </ItemGroup>
  <ItemGroup>
    <ClInclude Include="include\SumMemory.h">
      <Filter>Core</Filter>
    </ClInclude>
    <ClInclude Include="include\SumMemoryAllocator.h">
      <Filter>Core</Filter>
    </ClInclude>
    <ClInclude Include="include\SumChunk.h">
      <Filter>Core</Filter>
    </ClInclude>
    <ClInclude Include="include\SumAlign.h">
      <Filter>Core</Filter>
    </ClInclude>
    <ClInclude Include="include\SumUnaligned.h">
      <Filter>Core</Filter>
    </ClInclude>
    <ClInclude Include="include\SumCriticalSection.h">
      <Filter>Core</Filter>
    </ClInclude>
    <ClInclude Include="include\SumMutex.h">
      <Filter>Core</Filter>
    </ClInclude>
    <ClInclude Include="include\SumMemoryChunk.h">
      <Filter>Chunk</Filter>
    </ClInclude>
    <ClInclude Include="include\SumMemoryState.h">
      <Filter>Core</Filter>
    </ClInclude>
  </ItemGroup>
  <ItemGroup>
    <ClCompile Include="src\SumMemory.cpp">
      <Filter>Core</Filter>
    </ClCompile>
    <ClCompile Include="src\SumMemoryAllocator.cpp">
      <Filter>Core</Filter>
    </ClCompile>
    <ClCompile Include="src\SumMemoryState.cpp">
      <Filter>Core</Filter>
    </ClCompile>
  </ItemGroup>
</Project>